
Microsoft Visual Studio Solution File, Format Version 12.00
# Visual Studio Version 17
VisualStudioVersion = 17.6.33712.159
MinimumVisualStudioVersion = 10.0.40219.1
Project("{FAE04EC0-301F-11D3-BF4B-00C04F79EFBC}") = "ValsiukLP_b2_04.Android", "ValsiukLP_b2_04.Android\ValsiukLP_b2_04.Android.csproj", "{AA45515E-C03C-4477-9685-665A9EA65AF6}"
EndProject
Project("{FAE04EC0-301F-11D3-BF4B-00C04F79EFBC}") = "ValsiukLP_b2_04.iOS", "ValsiukLP_b2_04.iOS\ValsiukLP_b2_04.iOS.csproj", "{994FB8DC-B4BE-449A-95BF-2BEDBD60755B}"
EndProject
Project("{FAE04EC0-301F-11D3-BF4B-00C04F79EFBC}") = "ValsiukLP_b2_04", "ValsiukLP_b2_04\ValsiukLP_b2_04.csproj", "{A349078F-0FA1-48B0-8AE4-304EE45B5512}"
EndProject
Global
	GlobalSection(SolutionConfigurationPlatforms) = preSolution
		Debug|Any CPU = Debug|Any CPU
		Debug|iPhone = Debug|iPhone
		Debug|iPhoneSimulator = Debug|iPhoneSimulator
		Release|Any CPU = Release|Any CPU
		Release|iPhone = Release|iPhone
		Release|iPhoneSimulator = Release|iPhoneSimulator
	EndGlobalSection
	GlobalSection(ProjectConfigurationPlatforms) = postSolution
		{AA45515E-C03C-4477-9685-665A9EA65AF6}.Debug|Any CPU.ActiveCfg = Debug|Any CPU
		{AA45515E-C03C-4477-9685-665A9EA65AF6}.Debug|Any CPU.Build.0 = Debug|Any CPU
		{AA45515E-C03C-4477-9685-665A9EA65AF6}.Debug|Any CPU.Deploy.0 = Debug|Any CPU
		{AA45515E-C03C-4477-9685-665A9EA65AF6}.Debug|iPhone.ActiveCfg = Debug|Any CPU
		{AA45515E-C03C-4477-9685-665A9EA65AF6}.Debug|iPhone.Build.0 = Debug|Any CPU
		{AA45515E-C03C-4477-9685-665A9EA65AF6}.Debug|iPhone.Deploy.0 = Debug|Any CPU
		{AA45515E-C03C-4477-9685-665A9EA65AF6}.Debug|iPhoneSimulator.ActiveCfg = Debug|Any CPU
		{AA45515E-C03C-4477-9685-665A9EA65AF6}.Debug|iPhoneSimulator.Build.0 = Debug|Any CPU
		{AA45515E-C03C-4477-9685-665A9EA65AF6}.Debug|iPhoneSimulator.Deploy.0 = Debug|Any CPU
		{AA45515E-C03C-4477-9685-665A9EA65AF6}.Release|Any CPU.ActiveCfg = Release|Any CPU
		{AA45515E-C03C-4477-9685-665A9EA65AF6}.Release|Any CPU.Build.0 = Release|Any CPU
		{AA45515E-C03C-4477-9685-665A9EA65AF6}.Release|Any CPU.Deploy.0 = Release|Any CPU
		{AA45515E-C03C-4477-9685-665A9EA65AF6}.Release|iPhone.ActiveCfg = Release|Any CPU
		{AA45515E-C03C-4477-9685-665A9EA65AF6}.Release|iPhone.Build.0 = Release|Any CPU
		{AA45515E-C03C-4477-9685-665A9EA65AF6}.Release|iPhone.Deploy.0 = Release|Any CPU
		{AA45515E-C03C-4477-9685-665A9EA65AF6}.Release|iPhoneSimulator.ActiveCfg = Release|Any CPU
		{AA45515E-C03C-4477-9685-665A9EA65AF6}.Release|iPhoneSimulator.Build.0 = Release|Any CPU
		{AA45515E-C03C-4477-9685-665A9EA65AF6}.Release|iPhoneSimulator.Deploy.0 = Release|Any CPU
		{994FB8DC-B4BE-449A-95BF-2BEDBD60755B}.Debug|Any CPU.ActiveCfg = Debug|iPhone
		{994FB8DC-B4BE-449A-95BF-2BEDBD60755B}.Debug|Any CPU.Build.0 = Debug|iPhone
		{994FB8DC-B4BE-449A-95BF-2BEDBD60755B}.Debug|Any CPU.Deploy.0 = Debug|iPhone
		{994FB8DC-B4BE-449A-95BF-2BEDBD60755B}.Debug|iPhone.ActiveCfg = Debug|iPhone
		{994FB8DC-B4BE-449A-95BF-2BEDBD60755B}.Debug|iPhone.Build.0 = Debug|iPhone
		{994FB8DC-B4BE-449A-95BF-2BEDBD60755B}.Debug|iPhone.Deploy.0 = Debug|iPhone
		{994FB8DC-B4BE-449A-95BF-2BEDBD60755B}.Debug|iPhoneSimulator.ActiveCfg = Debug|iPhoneSimulator
		{994FB8DC-B4BE-449A-95BF-2BEDBD60755B}.Debug|iPhoneSimulator.Build.0 = Debug|iPhoneSimulator
		{994FB8DC-B4BE-449A-95BF-2BEDBD60755B}.Debug|iPhoneSimulator.Deploy.0 = Debug|iPhoneSimulator
		{994FB8DC-B4BE-449A-95BF-2BEDBD60755B}.Release|Any CPU.ActiveCfg = Release|iPhoneSimulator
		{994FB8DC-B4BE-449A-95BF-2BEDBD60755B}.Release|Any CPU.Build.0 = Release|iPhoneSimulator
		{994FB8DC-B4BE-449A-95BF-2BEDBD60755B}.Release|Any CPU.Deploy.0 = Release|iPhoneSimulator
		{994FB8DC-B4BE-449A-95BF-2BEDBD60755B}.Release|iPhone.ActiveCfg = Release|iPhone
		{994FB8DC-B4BE-449A-95BF-2BEDBD60755B}.Release|iPhone.Build.0 = Release|iPhone
		{994FB8DC-B4BE-449A-95BF-2BEDBD60755B}.Release|iPhone.Deploy.0 = Release|iPhone
		{994FB8DC-B4BE-449A-95BF-2BEDBD60755B}.Release|iPhoneSimulator.ActiveCfg = Release|iPhoneSimulator
		{994FB8DC-B4BE-449A-95BF-2BEDBD60755B}.Release|iPhoneSimulator.Build.0 = Release|iPhoneSimulator
		{994FB8DC-B4BE-449A-95BF-2BEDBD60755B}.Release|iPhoneSimulator.Deploy.0 = Release|iPhoneSimulator
		{A349078F-0FA1-48B0-8AE4-304EE45B5512}.Debug|Any CPU.ActiveCfg = Debug|Any CPU
		{A349078F-0FA1-48B0-8AE4-304EE45B5512}.Debug|Any CPU.Build.0 = Debug|Any CPU
		{A349078F-0FA1-48B0-8AE4-304EE45B5512}.Debug|Any CPU.Deploy.0 = Debug|Any CPU
		{A349078F-0FA1-48B0-8AE4-304EE45B5512}.Debug|iPhone.ActiveCfg = Debug|Any CPU
		{A349078F-0FA1-48B0-8AE4-304EE45B5512}.Debug|iPhone.Build.0 = Debug|Any CPU
		{A349078F-0FA1-48B0-8AE4-304EE45B5512}.Debug|iPhone.Deploy.0 = Debug|Any CPU
		{A349078F-0FA1-48B0-8AE4-304EE45B5512}.Debug|iPhoneSimulator.ActiveCfg = Debug|Any CPU
		{A349078F-0FA1-48B0-8AE4-304EE45B5512}.Debug|iPhoneSimulator.Build.0 = Debug|Any CPU
		{A349078F-0FA1-48B0-8AE4-304EE45B5512}.Debug|iPhoneSimulator.Deploy.0 = Debug|Any CPU
		{A349078F-0FA1-48B0-8AE4-304EE45B5512}.Release|Any CPU.ActiveCfg = Release|Any CPU
		{A349078F-0FA1-48B0-8AE4-304EE45B5512}.Release|Any CPU.Build.0 = Release|Any CPU
		{A349078F-0FA1-48B0-8AE4-304EE45B5512}.Release|Any CPU.Deploy.0 = Release|Any CPU
		{A349078F-0FA1-48B0-8AE4-304EE45B5512}.Release|iPhone.ActiveCfg = Release|Any CPU
		{A349078F-0FA1-48B0-8AE4-304EE45B5512}.Release|iPhone.Build.0 = Release|Any CPU
		{A349078F-0FA1-48B0-8AE4-304EE45B5512}.Release|iPhone.Deploy.0 = Release|Any CPU
		{A349078F-0FA1-48B0-8AE4-304EE45B5512}.Release|iPhoneSimulator.ActiveCfg = Release|Any CPU
		{A349078F-0FA1-48B0-8AE4-304EE45B5512}.Release|iPhoneSimulator.Build.0 = Release|Any CPU
		{A349078F-0FA1-48B0-8AE4-304EE45B5512}.Release|iPhoneSimulator.Deploy.0 = Release|Any CPU
	EndGlobalSection
	GlobalSection(SolutionProperties) = preSolution
		HideSolutionNode = FALSE
	EndGlobalSection
	GlobalSection(ExtensibilityGlobals) = postSolution
		SolutionGuid = {D6B34B9D-5453-4922-A945-964259362004}
	EndGlobalSection
EndGlobal
